
Microsoft Visual Studio Solution File, Format Version 12.00
# Visual Studio Version 16
VisualStudioVersion = 16.0.30611.23
MinimumVisualStudioVersion = 10.0.40219.1
Project("{FAE04EC0-301F-11D3-BF4B-00C04F79EFBC}") = "PAM_MVCWebApp", "PAM_MVCWebApp\PAM_MVCWebApp.csproj", "{F6252C4F-FE3D-424E-A894-C0C54DE965CA}"
EndProject
Global
	GlobalSection(SolutionConfigurationPlatforms) = preSolution
		Debug|Any CPU = Debug|Any CPU
		Release|Any CPU = Release|Any CPU
	EndGlobalSection
	GlobalSection(ProjectConfigurationPlatforms) = postSolution
		{F6252C4F-FE3D-424E-A894-C0C54DE965CA}.Debug|Any CPU.ActiveCfg = Debug|Any CPU
		{F6252C4F-FE3D-424E-A894-C0C54DE965CA}.Debug|Any CPU.Build.0 = Debug|Any CPU
		{F6252C4F-FE3D-424E-A894-C0C54DE965CA}.Release|Any CPU.ActiveCfg = Release|Any CPU
		{F6252C4F-FE3D-424E-A894-C0C54DE965CA}.Release|Any CPU.Build.0 = Release|Any CPU
	EndGlobalSection
	GlobalSection(SolutionProperties) = preSolution
		HideSolutionNode = FALSE
	EndGlobalSection
	GlobalSection(ExtensibilityGlobals) = postSolution
		SolutionGuid = {2FA0BA91-FF14-4767-A872-F236EE40790E}
	EndGlobalSection
EndGlobal
